
Microsoft Visual Studio Solution File, Format Version 12.00
# Visual Studio Version 16
VisualStudioVersion = 16.0.30907.101
MinimumVisualStudioVersion = 10.0.40219.1
Project("{8BC9CEB8-8B4A-11D0-8D11-00A0C91BC942}") = "Inheritance_example", "Inheritance_example.vcxproj", "{0ADF17CE-1D04-4274-A2E1-883043724590}"
EndProject
Global
	GlobalSection(SolutionConfigurationPlatforms) = preSolution
		Debug|x64 = Debug|x64
		Debug|x86 = Debug|x86
		Release|x64 = Release|x64
		Release|x86 = Release|x86
	EndGlobalSection
	GlobalSection(ProjectConfigurationPlatforms) = postSolution
		{0ADF17CE-1D04-4274-A2E1-883043724590}.Debug|x64.ActiveCfg = Debug|x64
		{0ADF17CE-1D04-4274-A2E1-883043724590}.Debug|x64.Build.0 = Debug|x64
		{0ADF17CE-1D04-4274-A2E1-883043724590}.Debug|x86.ActiveCfg = Debug|Win32
		{0ADF17CE-1D04-4274-A2E1-883043724590}.Debug|x86.Build.0 = Debug|Win32
		{0ADF17CE-1D04-4274-A2E1-883043724590}.Release|x64.ActiveCfg = Release|x64
		{0ADF17CE-1D04-4274-A2E1-883043724590}.Release|x64.Build.0 = Release|x64
		{0ADF17CE-1D04-4274-A2E1-883043724590}.Release|x86.ActiveCfg = Release|Win32
		{0ADF17CE-1D04-4274-A2E1-883043724590}.Release|x86.Build.0 = Release|Win32
	EndGlobalSection
	GlobalSection(SolutionProperties) = preSolution
		HideSolutionNode = FALSE
	EndGlobalSection
	GlobalSection(ExtensibilityGlobals) = postSolution
		SolutionGuid = {A1610BFE-1052-405E-A41A-EF8993593E58}
	EndGlobalSection
EndGlobal
